
Microsoft Visual Studio Solution File, Format Version 12.00
# Visual Studio Version 16
VisualStudioVersion = 16.0.31105.61
MinimumVisualStudioVersion = 10.0.40219.1
Project("{FAE04EC0-301F-11D3-BF4B-00C04F79EFBC}") = "Entidades", "Garcia.Ian.2A\Entidades.csproj", "{79D4ADD2-5D3B-4BD0-8E1C-959412E20116}"
EndProject
Project("{FAE04EC0-301F-11D3-BF4B-00C04F79EFBC}") = "TestEntidades", "TestEntidades\TestEntidades.csproj", "{4FC6D8AA-3AA8-4F91-9FE7-C2DA3B30A2C0}"
EndProject
Global
	GlobalSection(SolutionConfigurationPlatforms) = preSolution
		Debug|Any CPU = Debug|Any CPU
		Release|Any CPU = Release|Any CPU
	EndGlobalSection
	GlobalSection(ProjectConfigurationPlatforms) = postSolution
		{79D4ADD2-5D3B-4BD0-8E1C-959412E20116}.Debug|Any CPU.ActiveCfg = Debug|Any CPU
		{79D4ADD2-5D3B-4BD0-8E1C-959412E20116}.Debug|Any CPU.Build.0 = Debug|Any CPU
		{79D4ADD2-5D3B-4BD0-8E1C-959412E20116}.Release|Any CPU.ActiveCfg = Release|Any CPU
		{79D4ADD2-5D3B-4BD0-8E1C-959412E20116}.Release|Any CPU.Build.0 = Release|Any CPU
		{4FC6D8AA-3AA8-4F91-9FE7-C2DA3B30A2C0}.Debug|Any CPU.ActiveCfg = Debug|Any CPU
		{4FC6D8AA-3AA8-4F91-9FE7-C2DA3B30A2C0}.Debug|Any CPU.Build.0 = Debug|Any CPU
		{4FC6D8AA-3AA8-4F91-9FE7-C2DA3B30A2C0}.Release|Any CPU.ActiveCfg = Release|Any CPU
		{4FC6D8AA-3AA8-4F91-9FE7-C2DA3B30A2C0}.Release|Any CPU.Build.0 = Release|Any CPU
	EndGlobalSection
	GlobalSection(SolutionProperties) = preSolution
		HideSolutionNode = FALSE
	EndGlobalSection
	GlobalSection(ExtensibilityGlobals) = postSolution
		SolutionGuid = {4598F67D-A444-4A26-8C4D-CF1FAF5E5F0B}
	EndGlobalSection
EndGlobal
